
Microsoft Visual Studio Solution File, Format Version 12.00
# Visual Studio Version 17
VisualStudioVersion = 17.1.32319.34
MinimumVisualStudioVersion = 10.0.40219.1
Project("{9A19103F-16F7-4668-BE54-9A1E7A4F7556}") = "BulkBook", "BulkBook\BulkBook.csproj", "{BABE0594-7FA5-4F42-B135-54CDC72005BD}"
EndProject
Project("{9A19103F-16F7-4668-BE54-9A1E7A4F7556}") = "BulkyBook.DataAccess", "BulkyBook.DataAccess\BulkyBook.DataAccess.csproj", "{AD1828FD-6D34-4A87-BA59-4FC0F3B35635}"
EndProject
Project("{9A19103F-16F7-4668-BE54-9A1E7A4F7556}") = "BulkyBook.Models", "BulkyBook.Models\BulkyBook.Models.csproj", "{4AADB280-0618-4653-B2DE-2D45E2D72D64}"
EndProject
Project("{9A19103F-16F7-4668-BE54-9A1E7A4F7556}") = "BulkyBook.Utility", "BulkyBook.Utility\BulkyBook.Utility.csproj", "{F0671D13-08C9-4AFA-B8CF-CC0E0298E663}"
EndProject
Global
	GlobalSection(SolutionConfigurationPlatforms) = preSolution
		Debug|Any CPU = Debug|Any CPU
		Release|Any CPU = Release|Any CPU
	EndGlobalSection
	GlobalSection(ProjectConfigurationPlatforms) = postSolution
		{BABE0594-7FA5-4F42-B135-54CDC72005BD}.Debug|Any CPU.ActiveCfg = Debug|Any CPU
		{BABE0594-7FA5-4F42-B135-54CDC72005BD}.Debug|Any CPU.Build.0 = Debug|Any CPU
		{BABE0594-7FA5-4F42-B135-54CDC72005BD}.Release|Any CPU.ActiveCfg = Release|Any CPU
		{BABE0594-7FA5-4F42-B135-54CDC72005BD}.Release|Any CPU.Build.0 = Release|Any CPU
		{AD1828FD-6D34-4A87-BA59-4FC0F3B35635}.Debug|Any CPU.ActiveCfg = Debug|Any CPU
		{AD1828FD-6D34-4A87-BA59-4FC0F3B35635}.Debug|Any CPU.Build.0 = Debug|Any CPU
		{AD1828FD-6D34-4A87-BA59-4FC0F3B35635}.Release|Any CPU.ActiveCfg = Release|Any CPU
		{AD1828FD-6D34-4A87-BA59-4FC0F3B35635}.Release|Any CPU.Build.0 = Release|Any CPU
		{4AADB280-0618-4653-B2DE-2D45E2D72D64}.Debug|Any CPU.ActiveCfg = Debug|Any CPU
		{4AADB280-0618-4653-B2DE-2D45E2D72D64}.Debug|Any CPU.Build.0 = Debug|Any CPU
		{4AADB280-0618-4653-B2DE-2D45E2D72D64}.Release|Any CPU.ActiveCfg = Release|Any CPU
		{4AADB280-0618-4653-B2DE-2D45E2D72D64}.Release|Any CPU.Build.0 = Release|Any CPU
		{F0671D13-08C9-4AFA-B8CF-CC0E0298E663}.Debug|Any CPU.ActiveCfg = Debug|Any CPU
		{F0671D13-08C9-4AFA-B8CF-CC0E0298E663}.Debug|Any CPU.Build.0 = Debug|Any CPU
		{F0671D13-08C9-4AFA-B8CF-CC0E0298E663}.Release|Any CPU.ActiveCfg = Release|Any CPU
		{F0671D13-08C9-4AFA-B8CF-CC0E0298E663}.Release|Any CPU.Build.0 = Release|Any CPU
	EndGlobalSection
	GlobalSection(SolutionProperties) = preSolution
		HideSolutionNode = FALSE
	EndGlobalSection
	GlobalSection(ExtensibilityGlobals) = postSolution
		SolutionGuid = {1CDD9B41-E94B-4DF5-83BC-EE093368DABE}
	EndGlobalSection
EndGlobal
